{
  "requires": true,
  "lockfileVersion": 1,
  "dependencies": {
    "mongodb-common": {
      "version": "1.0.0",
      "resolved": "https://registry.npmjs.org/mongodb-common/-/mongodb-common-1.0.0.tgz",
      "integrity": "sha512-xH3/zDZOAEzxv8PClFgEzCPqc1q5qAE1ejFl+yzx/ABRccDNVcE63OXjfmPcYIUXt8ZpvplgXm2NLweeDSg2XA=="
    },
    "mongodb-curd": {
      "version": "1.0.0",
      "resolved": "https://registry.npmjs.org/mongodb-curd/-/mongodb-curd-1.0.0.tgz",
      "integrity": "sha512-FL+5NKpb8EaZ7cGjONTytA3F0OLcEnu72inVH/4QOdRcRXLQulTYGTqh9qzNwFXlyR8FF69HYKXETCBrwBtmKw==",
      "requires": {
        "mongodb-common": "^1.0.0"
      }
    }
  }
}
